// !$*UTF8*$!
{
	archiveVersion = 1;
	classes = {
	};
	objectVersion = 55;
	objects = {

/* Begin PBXBuildFile section */
		4DED2B0E27C802AE002BFFB7 /* Cocoa.framework in Frameworks */ = {isa = PBXBuildFile; fileRef = 4DED2B0D27C802AE002BFFB7 /* Cocoa.framework */; };
		4DED2B1227C802AE002BFFB7 /* PluginWithWindow.m in Sources */ = {isa = PBXBuildFile; fileRef = 4DED2B1127C802AE002BFFB7 /* PluginWithWindow.m */; };
		4DED2B1627C802AE002BFFB7 /* Plugin With Window-Prefix.pch in Resources */ = {isa = PBXBuildFile; fileRef = 4DED2B1527C802AE002BFFB7 /* Plugin With Window-Prefix.pch */; };
		4DED2B1E27C8038A002BFFB7 /* MyPluginWindow.xib in Resources */ = {isa = PBXBuildFile; fileRef = 4DED2B1D27C8038A002BFFB7 /* MyPluginWindow.xib */; };
		5635666C28747F560023EA88 /* GlyphsCore.framework in Frameworks */ = {isa = PBXBuildFile; fileRef = 4DED2BA127C812FF002BFFB7 /* GlyphsCore.framework */; };
/* End PBXBuildFile section */

/* Begin PBXFileReference section */
		4DED2B0A27C802AE002BFFB7 /* Plugin With Window.glyphsPlugin */ = {isa = PBXFileReference; explicitFileType = wrapper.cfbundle; includeInIndex = 0; path = "Plugin With Window.glyphsPlugin"; sourceTree = BUILT_PRODUCTS_DIR; };
		4DED2B0D27C802AE002BFFB7 /* Cocoa.framework */ = {isa = PBXFileReference; lastKnownFileType = wrapper.framework; name = Cocoa.framework; path = System/Library/Frameworks/Cocoa.framework; sourceTree = SDKROOT; };
		4DED2B1027C802AE002BFFB7 /* PluginWithWindow.h */ = {isa = PBXFileReference; lastKnownFileType = sourcecode.c.h; path = PluginWithWindow.h; sourceTree = "<group>"; };
		4DED2B1127C802AE002BFFB7 /* PluginWithWindow.m */ = {isa = PBXFileReference; lastKnownFileType = sourcecode.c.objc; path = PluginWithWindow.m; sourceTree = "<group>"; };
		4DED2B1527C802AE002BFFB7 /* Plugin With Window-Prefix.pch */ = {isa = PBXFileReference; lastKnownFileType = sourcecode.c.h; path = "Plugin With Window-Prefix.pch"; sourceTree = "<group>"; };
		4DED2B1727C802AE002BFFB7 /* Info.plist */ = {isa = PBXFileReference; lastKnownFileType = text.plist.xml; path = Info.plist; sourceTree = "<group>"; };
		4DED2B1D27C8038A002BFFB7 /* MyPluginWindow.xib */ = {isa = PBXFileReference; lastKnownFileType = file.xib; path = MyPluginWindow.xib; sourceTree = "<group>"; };
		4DED2BA127C812FF002BFFB7 /* GlyphsCore.framework */ = {isa = PBXFileReference; lastKnownFileType = wrapper.framework; name = GlyphsCore.framework; path = "/Applications/Glyphs 3.app/Contents/Frameworks/GlyphsCore.framework"; sourceTree = "<absolute>"; };
/* End PBXFileReference section */

/* Begin PBXFrameworksBuildPhase section */
		4DED2B0727C802AE002BFFB7 /* Frameworks */ = {
			isa = PBXFrameworksBuildPhase;
			buildActionMask = 2147483647;
			files = (
				5635666C28747F560023EA88 /* GlyphsCore.framework in Frameworks */,
				4DED2B0E27C802AE002BFFB7 /* Cocoa.framework in Frameworks */,
			);
			runOnlyForDeploymentPostprocessing = 0;
		};
/* End PBXFrameworksBuildPhase section */

/* Begin PBXGroup section */
		4DED2B0127C802AE002BFFB7 = {
			isa = PBXGroup;
			children = (
				4DED2B0F27C802AE002BFFB7 /* Plugin With Window */,
				4DED2B0C27C802AE002BFFB7 /* Frameworks */,
				4DED2B0B27C802AE002BFFB7 /* Products */,
			);
			sourceTree = "<group>";
		};
		4DED2B0B27C802AE002BFFB7 /* Products */ = {
			isa = PBXGroup;
			children = (
				4DED2B0A27C802AE002BFFB7 /* Plugin With Window.glyphsPlugin */,
			);
			name = Products;
			sourceTree = "<group>";
		};
		4DED2B0C27C802AE002BFFB7 /* Frameworks */ = {
			isa = PBXGroup;
			children = (
				4DED2BA127C812FF002BFFB7 /* GlyphsCore.framework */,
				4DED2B0D27C802AE002BFFB7 /* Cocoa.framework */,
			);
			name = Frameworks;
			sourceTree = "<group>";
		};
		4DED2B0F27C802AE002BFFB7 /* Plugin With Window */ = {
			isa = PBXGroup;
			children = (
				4DED2B1027C802AE002BFFB7 /* PluginWithWindow.h */,
				4DED2B1127C802AE002BFFB7 /* PluginWithWindow.m */,
				4DED2B1D27C8038A002BFFB7 /* MyPluginWindow.xib */,
				4DED2B1527C802AE002BFFB7 /* Plugin With Window-Prefix.pch */,
				4DED2B1727C802AE002BFFB7 /* Info.plist */,
			);
			path = "Plugin With Window";
			sourceTree = "<group>";
		};
/* End PBXGroup section */

/* Begin PBXNativeTarget section */
		4DED2B0927C802AE002BFFB7 /* Plugin With Window */ = {
			isa = PBXNativeTarget;
			buildConfigurationList = 4DED2B1A27C802AE002BFFB7 /* Build configuration list for PBXNativeTarget "Plugin With Window" */;
			buildPhases = (
				4DED2B0627C802AE002BFFB7 /* Sources */,
				4DED2B0727C802AE002BFFB7 /* Frameworks */,
				4DED2B0827C802AE002BFFB7 /* Resources */,
			);
			buildRules = (
			);
			dependencies = (
			);
			name = "Plugin With Window";
			productName = "Plugin With Window";
			productReference = 4DED2B0A27C802AE002BFFB7 /* Plugin With Window.glyphsPlugin */;
			productType = "com.apple.product-type.bundle";
		};
/* End PBXNativeTarget section */

/* Begin PBXProject section */
		4DED2B0227C802AE002BFFB7 /* Project object */ = {
			isa = PBXProject;
			attributes = {
				BuildIndependentTargetsInParallel = 1;
				LastUpgradeCheck = 1320;
				TargetAttributes = {
					4DED2B0927C802AE002BFFB7 = {
						CreatedOnToolsVersion = 13.2.1;
					};
				};
			};
			buildConfigurationList = 4DED2B0527C802AE002BFFB7 /* Build configuration list for PBXProject "Plugin With Window" */;
			compatibilityVersion = "Xcode 13.0";
			developmentRegion = en;
			hasScannedForEncodings = 0;
			knownRegions = (
				en,
				Base,
			);
			mainGroup = 4DED2B0127C802AE002BFFB7;
			productRefGroup = 4DED2B0B27C802AE002BFFB7 /* Products */;
			projectDirPath = "";
			projectRoot = "";
			targets = (
				4DED2B0927C802AE002BFFB7 /* Plugin With Window */,
			);
		};
/* End PBXProject section */

/* Begin PBXResourcesBuildPhase section */
		4DED2B0827C802AE002BFFB7 /* Resources */ = {
			isa = PBXResourcesBuildPhase;
			buildActionMask = 2147483647;
			files = (
				4DED2B1E27C8038A002BFFB7 /* MyPluginWindow.xib in Resources */,
				4DED2B1627C802AE002BFFB7 /* Plugin With Window-Prefix.pch in Resources */,
			);
			runOnlyForDeploymentPostprocessing = 0;
		};
/* End PBXResourcesBuildPhase section */

/* Begin PBXSourcesBuildPhase section */
		4DED2B0627C802AE002BFFB7 /* Sources */ = {
			isa = PBXSourcesBuildPhase;
			buildActionMask = 2147483647;
			files = (
				4DED2B1227C802AE002BFFB7 /* PluginWithWindow.m in Sources */,
			);
			runOnlyForDeploymentPostprocessing = 0;
		};
/* End PBXSourcesBuildPhase section */

/* Begin XCBuildConfiguration section */
		4DED2B1827C802AE002BFFB7 /* Debug */ = {
			isa = XCBuildConfiguration;
			buildSettings = {
				ALWAYS_SEARCH_USER_PATHS = NO;
				CLANG_ANALYZER_NONNULL = YES;
				CLANG_ANALYZER_NUMBER_OBJECT_CONVERSION = YES_AGGRESSIVE;
				CLANG_CXX_LANGUAGE_STANDARD = "gnu++17";
				CLANG_CXX_LIBRARY = "libc++";
				CLANG_ENABLE_MODULES = YES;
				CLANG_ENABLE_OBJC_ARC = YES;
				CLANG_ENABLE_OBJC_WEAK = YES;
				CLANG_WARN_BLOCK_CAPTURE_AUTORELEASING = YES;
				CLANG_WARN_BOOL_CONVERSION = YES;
				CLANG_WARN_COMMA = YES;
				CLANG_WARN_CONSTANT_CONVERSION = YES;
				CLANG_WARN_DEPRECATED_OBJC_IMPLEMENTATIONS = YES;
				CLANG_WARN_DIRECT_OBJC_ISA_USAGE = YES_ERROR;
				CLANG_WARN_DOCUMENTATION_COMMENTS = YES;
				CLANG_WARN_EMPTY_BODY = YES;
				CLANG_WARN_ENUM_CONVERSION = YES;
				CLANG_WARN_INFINITE_RECURSION = YES;
				CLANG_WARN_INT_CONVERSION = YES;
				CLANG_WARN_NON_LITERAL_NULL_CONVERSION = YES;
				CLANG_WARN_OBJC_IMPLICIT_RETAIN_SELF = YES;
				CLANG_WARN_OBJC_LITERAL_CONVERSION = YES;
				CLANG_WARN_OBJC_ROOT_CLASS = YES_ERROR;
				CLANG_WARN_QUOTED_INCLUDE_IN_FRAMEWORK_HEADER = YES;
				CLANG_WARN_RANGE_LOOP_ANALYSIS = YES;
				CLANG_WARN_STRICT_PROTOTYPES = YES;
				CLANG_WARN_SUSPICIOUS_MOVE = YES;
				CLANG_WARN_UNGUARDED_AVAILABILITY = YES_AGGRESSIVE;
				CLANG_WARN_UNREACHABLE_CODE = YES;
				CLANG_WARN__DUPLICATE_METHOD_MATCH = YES;
				COPY_PHASE_STRIP = NO;
				DEBUG_INFORMATION_FORMAT = dwarf;
				ENABLE_STRICT_OBJC_MSGSEND = YES;
				ENABLE_TESTABILITY = YES;
				GCC_C_LANGUAGE_STANDARD = gnu11;
				GCC_DYNAMIC_NO_PIC = NO;
				GCC_NO_COMMON_BLOCKS = YES;
				GCC_OPTIMIZATION_LEVEL = 0;
				GCC_PREPROCESSOR_DEFINITIONS = (
					"DEBUG=1",
					"$(inherited)",
				);
				GCC_WARN_64_TO_32_BIT_CONVERSION = YES;
				GCC_WARN_ABOUT_RETURN_TYPE = YES_ERROR;
				GCC_WARN_UNDECLARED_SELECTOR = YES;
				GCC_WARN_UNINITIALIZED_AUTOS = YES_AGGRESSIVE;
				GCC_WARN_UNUSED_FUNCTION = YES;
				GCC_WARN_UNUSED_VARIABLE = YES;
				MACOSX_DEPLOYMENT_TARGET = 12.1;
				MTL_ENABLE_DEBUG_INFO = INCLUDE_SOURCE;
				MTL_FAST_MATH = YES;
				ONLY_ACTIVE_ARCH = YES;
				SDKROOT = macosx;
			};
			name = Debug;
		};
		4DED2B1927C802AE002BFFB7 /* Release */ = {
			isa = XCBuildConfiguration;
			buildSettings = {
				ALWAYS_SEARCH_USER_PATHS = NO;
				CLANG_ANALYZER_NONNULL = YES;
				CLANG_ANALYZER_NUMBER_OBJECT_CONVERSION = YES_AGGRESSIVE;
				CLANG_CXX_LANGUAGE_STANDARD = "gnu++17";
				CLANG_CXX_LIBRARY = "libc++";
				CLANG_ENABLE_MODULES = YES;
				CLANG_ENABLE_OBJC_ARC = YES;
				CLANG_ENABLE_OBJC_WEAK = YES;
				CLANG_WARN_BLOCK_CAPTURE_AUTORELEASING = YES;
				CLANG_WARN_BOOL_CONVERSION = YES;
				CLANG_WARN_COMMA = YES;
				CLANG_WARN_CONSTANT_CONVERSION = YES;
				CLANG_WARN_DEPRECATED_OBJC_IMPLEMENTATIONS = YES;
				CLANG_WARN_DIRECT_OBJC_ISA_USAGE = YES_ERROR;
				CLANG_WARN_DOCUMENTATION_COMMENTS = YES;
				CLANG_WARN_EMPTY_BODY = YES;
				CLANG_WARN_ENUM_CONVERSION = YES;
				CLANG_WARN_INFINITE_RECURSION = YES;
				CLANG_WARN_INT_CONVERSION = YES;
				CLANG_WARN_NON_LITERAL_NULL_CONVERSION = YES;
				CLANG_WARN_OBJC_IMPLICIT_RETAIN_SELF = YES;
				CLANG_WARN_OBJC_LITERAL_CONVERSION = YES;
				CLANG_WARN_OBJC_ROOT_CLASS = YES_ERROR;
				CLANG_WARN_QUOTED_INCLUDE_IN_FRAMEWORK_HEADER = YES;
				CLANG_WARN_RANGE_LOOP_ANALYSIS = YES;
				CLANG_WARN_STRICT_PROTOTYPES = YES;
				CLANG_WARN_SUSPICIOUS_MOVE = YES;
				CLANG_WARN_UNGUARDED_AVAILABILITY = YES_AGGRESSIVE;
				CLANG_WARN_UNREACHABLE_CODE = YES;
				CLANG_WARN__DUPLICATE_METHOD_MATCH = YES;
				COPY_PHASE_STRIP = NO;
				DEBUG_INFORMATION_FORMAT = "dwarf-with-dsym";
				ENABLE_NS_ASSERTIONS = NO;
				ENABLE_STRICT_OBJC_MSGSEND = YES;
				GCC_C_LANGUAGE_STANDARD = gnu11;
				GCC_NO_COMMON_BLOCKS = YES;
				GCC_WARN_64_TO_32_BIT_CONVERSION = YES;
				GCC_WARN_ABOUT_RETURN_TYPE = YES_ERROR;
				GCC_WARN_UNDECLARED_SELECTOR = YES;
				GCC_WARN_UNINITIALIZED_AUTOS = YES_AGGRESSIVE;
				GCC_WARN_UNUSED_FUNCTION = YES;
				GCC_WARN_UNUSED_VARIABLE = YES;
				MACOSX_DEPLOYMENT_TARGET = 12.1;
				MTL_ENABLE_DEBUG_INFO = NO;
				MTL_FAST_MATH = YES;
				SDKROOT = macosx;
			};
			name = Release;
		};
		4DED2B1B27C802AE002BFFB7 /* Debug */ = {
			isa = XCBuildConfiguration;
			buildSettings = {
				COMBINE_HIDPI_IMAGES = YES;
				CURRENT_PROJECT_VERSION = 1;
				DEPLOYMENT_LOCATION = YES;
				DSTROOT = "$(USER_LIBRARY_DIR)/Application Support/Glyphs 3/Plugins";
				FRAMEWORK_SEARCH_PATHS = "\"$(SYSTEM_APPS_DIR)/Glyphs 3.app/Contents/Frameworks\"";
				GCC_PREFIX_HEADER = "Plugin With Window/Plugin With Window-Prefix.pch";
				GENERATE_INFOPLIST_FILE = YES;
				INSTALL_PATH = /;
				MARKETING_VERSION = 1.0;
				PRODUCT_BUNDLE_IDENTIFIER = "com.Glyphs.Plugin-With-Window";
				PRODUCT_NAME = "$(TARGET_NAME)";
				WRAPPER_EXTENSION = glyphsPlugin;
			};
			name = Debug;
		};
		4DED2B1C27C802AE002BFFB7 /* Release */ = {
			isa = XCBuildConfiguration;
			buildSettings = {
				COMBINE_HIDPI_IMAGES = YES;
				CURRENT_PROJECT_VERSION = 1;
				FRAMEWORK_SEARCH_PATHS = "\"$(SYSTEM_APPS_DIR)/Glyphs 3.app/Contents/Frameworks\"";
				GCC_PREFIX_HEADER = "Plugin With Window/Plugin With Window-Prefix.pch";
				GENERATE_INFOPLIST_FILE = YES;
				INSTALL_PATH = /;
				MARKETING_VERSION = 1.0;
				PRODUCT_BUNDLE_IDENTIFIER = "com.Glyphs.Plugin-With-Window";
				PRODUCT_NAME = "$(TARGET_NAME)";
				WRAPPER_EXTENSION = glyphsPlugin;
			};
			name = Release;
		};
/* End XCBuildConfiguration section */

/* Begin XCConfigurationList section */
		4DED2B0527C802AE002BFFB7 /* Build configuration list for PBXProject "Plugin With Window" */ = {
			isa = XCConfigurationList;
			buildConfigurations = (
				4DED2B1827C802AE002BFFB7 /* Debug */,
				4DED2B1927C802AE002BFFB7 /* Release */,
			);
			defaultConfigurationIsVisible = 0;
			defaultConfigurationName = Release;
		};
		4DED2B1A27C802AE002BFFB7 /* Build configuration list for PBXNativeTarget "Plugin With Window" */ = {
			isa = XCConfigurationList;
			buildConfigurations = (
				4DED2B1B27C802AE002BFFB7 /* Debug */,
				4DED2B1C27C802AE002BFFB7 /* Release */,
			);
			defaultConfigurationIsVisible = 0;
			defaultConfigurationName = Release;
		};
/* End XCConfigurationList section */
	};
	rootObject = 4DED2B0227C802AE002BFFB7 /* Project object */;
}
